
Microsoft Visual Studio Solution File, Format Version 12.00
# Visual Studio Version 16
VisualStudioVersion = 16.0.30114.105
MinimumVisualStudioVersion = 10.0.40219.1
Project("{FAE04EC0-301F-11D3-BF4B-00C04F79EFBC}") = "INPTPZ1", "INPTPZ1\INPTPZ1.csproj", "{3C0FD8C9-B6BD-4B7B-AC9A-08540D360D54}"
EndProject
Project("{FAE04EC0-301F-11D3-BF4B-00C04F79EFBC}") = "INPTPZ1Tests", "INPTPZ1Tests\INPTPZ1Tests.csproj", "{3C9530EC-9B8B-4DA5-92B9-CE7296C46D17}"
EndProject
Global
	GlobalSection(SolutionConfigurationPlatforms) = preSolution
		Debug|Any CPU = Debug|Any CPU
		Release|Any CPU = Release|Any CPU
	EndGlobalSection
	GlobalSection(ProjectConfigurationPlatforms) = postSolution
		{3C0FD8C9-B6BD-4B7B-AC9A-08540D360D54}.Debug|Any CPU.ActiveCfg = Debug|Any CPU
		{3C0FD8C9-B6BD-4B7B-AC9A-08540D360D54}.Debug|Any CPU.Build.0 = Debug|Any CPU
		{3C0FD8C9-B6BD-4B7B-AC9A-08540D360D54}.Release|Any CPU.ActiveCfg = Release|Any CPU
		{3C0FD8C9-B6BD-4B7B-AC9A-08540D360D54}.Release|Any CPU.Build.0 = Release|Any CPU
		{3C9530EC-9B8B-4DA5-92B9-CE7296C46D17}.Debug|Any CPU.ActiveCfg = Debug|Any CPU
		{3C9530EC-9B8B-4DA5-92B9-CE7296C46D17}.Debug|Any CPU.Build.0 = Debug|Any CPU
		{3C9530EC-9B8B-4DA5-92B9-CE7296C46D17}.Release|Any CPU.ActiveCfg = Release|Any CPU
		{3C9530EC-9B8B-4DA5-92B9-CE7296C46D17}.Release|Any CPU.Build.0 = Release|Any CPU
	EndGlobalSection
	GlobalSection(SolutionProperties) = preSolution
		HideSolutionNode = FALSE
	EndGlobalSection
	GlobalSection(ExtensibilityGlobals) = postSolution
		SolutionGuid = {D948FC07-3AA9-49F8-89A5-42E60AAFE21C}
	EndGlobalSection
EndGlobal
